
Microsoft Visual Studio Solution File, Format Version 12.00
# Visual Studio Version 17
VisualStudioVersion = 17.3.32819.101
MinimumVisualStudioVersion = 10.0.40219.1
Project("{9A19103F-16F7-4668-BE54-9A1E7A4F7556}") = "SmartVote", "SmartVote\SmartVote.csproj", "{FB6B4F9C-FACD-493E-B37A-7566129AE602}"
EndProject
Project("{9A19103F-16F7-4668-BE54-9A1E7A4F7556}") = "ClickLib", "Lib\ClickLib\ClickLib\ClickLib.csproj", "{009782B7-D4DC-4369-BAB2-E29A92609446}"
EndProject
Global
	GlobalSection(SolutionConfigurationPlatforms) = preSolution
		Debug|Any CPU = Debug|Any CPU
		Debug|x64 = Debug|x64
		Release|Any CPU = Release|Any CPU
		Release|x64 = Release|x64
	EndGlobalSection
	GlobalSection(ProjectConfigurationPlatforms) = postSolution
		{FB6B4F9C-FACD-493E-B37A-7566129AE602}.Debug|Any CPU.ActiveCfg = Debug|Any CPU
		{FB6B4F9C-FACD-493E-B37A-7566129AE602}.Debug|Any CPU.Build.0 = Debug|Any CPU
		{FB6B4F9C-FACD-493E-B37A-7566129AE602}.Debug|x64.ActiveCfg = Debug|x64
		{FB6B4F9C-FACD-493E-B37A-7566129AE602}.Debug|x64.Build.0 = Debug|x64
		{FB6B4F9C-FACD-493E-B37A-7566129AE602}.Release|Any CPU.ActiveCfg = Release|Any CPU
		{FB6B4F9C-FACD-493E-B37A-7566129AE602}.Release|Any CPU.Build.0 = Release|Any CPU
		{FB6B4F9C-FACD-493E-B37A-7566129AE602}.Release|x64.ActiveCfg = Release|x64
		{FB6B4F9C-FACD-493E-B37A-7566129AE602}.Release|x64.Build.0 = Release|x64
		{009782B7-D4DC-4369-BAB2-E29A92609446}.Debug|Any CPU.ActiveCfg = Debug|x64
		{009782B7-D4DC-4369-BAB2-E29A92609446}.Debug|Any CPU.Build.0 = Debug|x64
		{009782B7-D4DC-4369-BAB2-E29A92609446}.Debug|x64.ActiveCfg = Debug|x64
		{009782B7-D4DC-4369-BAB2-E29A92609446}.Debug|x64.Build.0 = Debug|x64
		{009782B7-D4DC-4369-BAB2-E29A92609446}.Release|Any CPU.ActiveCfg = Release|x64
		{009782B7-D4DC-4369-BAB2-E29A92609446}.Release|Any CPU.Build.0 = Release|x64
		{009782B7-D4DC-4369-BAB2-E29A92609446}.Release|x64.ActiveCfg = Release|x64
		{009782B7-D4DC-4369-BAB2-E29A92609446}.Release|x64.Build.0 = Release|x64
	EndGlobalSection
	GlobalSection(SolutionProperties) = preSolution
		HideSolutionNode = FALSE
	EndGlobalSection
	GlobalSection(ExtensibilityGlobals) = postSolution
		SolutionGuid = {442C09D0-DCA2-46AD-961E-532579CC92A5}
	EndGlobalSection
EndGlobal
